
Microsoft Visual Studio Solution File, Format Version 12.00
# Visual Studio Version 17
VisualStudioVersion = 17.6.33829.357
MinimumVisualStudioVersion = 10.0.40219.1
Project("{FAE04EC0-301F-11D3-BF4B-00C04F79EFBC}") = "SpecFlowTest", "SpecFlowTest\SpecFlowTest.csproj", "{B080C7C4-95DB-44AD-9F6A-685EABAF8316}"
EndProject
Global
	GlobalSection(SolutionConfigurationPlatforms) = preSolution
		Debug|Any CPU = Debug|Any CPU
		Release|Any CPU = Release|Any CPU
	EndGlobalSection
	GlobalSection(ProjectConfigurationPlatforms) = postSolution
		{B080C7C4-95DB-44AD-9F6A-685EABAF8316}.Debug|Any CPU.ActiveCfg = Debug|Any CPU
		{B080C7C4-95DB-44AD-9F6A-685EABAF8316}.Debug|Any CPU.Build.0 = Debug|Any CPU
		{B080C7C4-95DB-44AD-9F6A-685EABAF8316}.Release|Any CPU.ActiveCfg = Release|Any CPU
		{B080C7C4-95DB-44AD-9F6A-685EABAF8316}.Release|Any CPU.Build.0 = Release|Any CPU
	EndGlobalSection
	GlobalSection(SolutionProperties) = preSolution
		HideSolutionNode = FALSE
	EndGlobalSection
	GlobalSection(ExtensibilityGlobals) = postSolution
		SolutionGuid = {52B15BBD-B510-49E3-AEAC-E0A6B877C906}
	EndGlobalSection
EndGlobal
